// !$*UTF8*$!
{
	archiveVersion = 1;
	classes = {
	};
	objectVersion = 55;
	objects = {

/* Begin PBXBuildFile section */
		560894DB28CBEB57004F5690 /* Temperature.swift in Sources */ = {isa = PBXBuildFile; fileRef = 560894DA28CBEB57004F5690 /* Temperature.swift */; };
		560894DD28CBECB7004F5690 /* MaxMin.swift in Sources */ = {isa = PBXBuildFile; fileRef = 560894DC28CBECB7004F5690 /* MaxMin.swift */; };
		560894DF28CBF1D7004F5690 /* Empty.swift in Sources */ = {isa = PBXBuildFile; fileRef = 560894DE28CBF1D7004F5690 /* Empty.swift */; };
		563C526D28CE698600317F50 /* SocialManager.swift in Sources */ = {isa = PBXBuildFile; fileRef = 563C526C28CE698600317F50 /* SocialManager.swift */; };
		563C526F28CE6A3D00317F50 /* Social.swift in Sources */ = {isa = PBXBuildFile; fileRef = 563C526E28CE6A3D00317F50 /* Social.swift */; };
		563C527128CE6D3B00317F50 /* social.json in Resources */ = {isa = PBXBuildFile; fileRef = 563C527028CE6D3B00317F50 /* social.json */; };
		56D6C9FE28BEE69D00E271B2 /* WeatherApp.swift in Sources */ = {isa = PBXBuildFile; fileRef = 56D6C9FD28BEE69D00E271B2 /* WeatherApp.swift */; };
		56D6CA0028BEE69D00E271B2 /* ContentView.swift in Sources */ = {isa = PBXBuildFile; fileRef = 56D6C9FF28BEE69D00E271B2 /* ContentView.swift */; };
		56D6CA0228BEE6A100E271B2 /* Assets.xcassets in Resources */ = {isa = PBXBuildFile; fileRef = 56D6CA0128BEE6A100E271B2 /* Assets.xcassets */; };
		56D6CA0528BEE6A100E271B2 /* Preview Assets.xcassets in Resources */ = {isa = PBXBuildFile; fileRef = 56D6CA0428BEE6A100E271B2 /* Preview Assets.xcassets */; };
		56D6CA0D28BEE78700E271B2 /* LocationManager.swift in Sources */ = {isa = PBXBuildFile; fileRef = 56D6CA0C28BEE78700E271B2 /* LocationManager.swift */; };
		56D6CA1028BEEA9E00E271B2 /* WelcomeView.swift in Sources */ = {isa = PBXBuildFile; fileRef = 56D6CA0F28BEEA9E00E271B2 /* WelcomeView.swift */; };
		56D6CA1228BEEE1500E271B2 /* LoadingView.swift in Sources */ = {isa = PBXBuildFile; fileRef = 56D6CA1128BEEE1500E271B2 /* LoadingView.swift */; };
		56D6CA1728BEF41C00E271B2 /* WeatherManager.swift in Sources */ = {isa = PBXBuildFile; fileRef = 56D6CA1628BEF41C00E271B2 /* WeatherManager.swift */; };
		56FFDAB628CB825A00D187EC /* ModelData.swift in Sources */ = {isa = PBXBuildFile; fileRef = 56FFDAB528CB825A00D187EC /* ModelData.swift */; };
		56FFDAB828CB83BB00D187EC /* weatherData.json in Resources */ = {isa = PBXBuildFile; fileRef = 56FFDAB728CB83BB00D187EC /* weatherData.json */; };
		56FFDABA28CB844900D187EC /* WeatherView.swift in Sources */ = {isa = PBXBuildFile; fileRef = 56FFDAB928CB844900D187EC /* WeatherView.swift */; };
		56FFDABC28CB85F800D187EC /* Extensions.swift in Sources */ = {isa = PBXBuildFile; fileRef = 56FFDABB28CB85F800D187EC /* Extensions.swift */; };
/* End PBXBuildFile section */

/* Begin PBXFileReference section */
		560894DA28CBEB57004F5690 /* Temperature.swift */ = {isa = PBXFileReference; lastKnownFileType = sourcecode.swift; path = Temperature.swift; sourceTree = "<group>"; };
		560894DC28CBECB7004F5690 /* MaxMin.swift */ = {isa = PBXFileReference; lastKnownFileType = sourcecode.swift; path = MaxMin.swift; sourceTree = "<group>"; };
		560894DE28CBF1D7004F5690 /* Empty.swift */ = {isa = PBXFileReference; lastKnownFileType = sourcecode.swift; path = Empty.swift; sourceTree = "<group>"; };
		563C526C28CE698600317F50 /* SocialManager.swift */ = {isa = PBXFileReference; lastKnownFileType = sourcecode.swift; path = SocialManager.swift; sourceTree = "<group>"; };
		563C526E28CE6A3D00317F50 /* Social.swift */ = {isa = PBXFileReference; lastKnownFileType = sourcecode.swift; path = Social.swift; sourceTree = "<group>"; };
		563C527028CE6D3B00317F50 /* social.json */ = {isa = PBXFileReference; lastKnownFileType = text.json; path = social.json; sourceTree = "<group>"; };
		56D6C9FA28BEE69D00E271B2 /* Weather.app */ = {isa = PBXFileReference; explicitFileType = wrapper.application; includeInIndex = 0; path = Weather.app; sourceTree = BUILT_PRODUCTS_DIR; };
		56D6C9FD28BEE69D00E271B2 /* WeatherApp.swift */ = {isa = PBXFileReference; lastKnownFileType = sourcecode.swift; path = WeatherApp.swift; sourceTree = "<group>"; };
		56D6C9FF28BEE69D00E271B2 /* ContentView.swift */ = {isa = PBXFileReference; lastKnownFileType = sourcecode.swift; path = ContentView.swift; sourceTree = "<group>"; };
		56D6CA0128BEE6A100E271B2 /* Assets.xcassets */ = {isa = PBXFileReference; lastKnownFileType = folder.assetcatalog; path = Assets.xcassets; sourceTree = "<group>"; };
		56D6CA0428BEE6A100E271B2 /* Preview Assets.xcassets */ = {isa = PBXFileReference; lastKnownFileType = folder.assetcatalog; path = "Preview Assets.xcassets"; sourceTree = "<group>"; };
		56D6CA0C28BEE78700E271B2 /* LocationManager.swift */ = {isa = PBXFileReference; lastKnownFileType = sourcecode.swift; path = LocationManager.swift; sourceTree = "<group>"; };
		56D6CA0F28BEEA9E00E271B2 /* WelcomeView.swift */ = {isa = PBXFileReference; lastKnownFileType = sourcecode.swift; path = WelcomeView.swift; sourceTree = "<group>"; };
		56D6CA1128BEEE1500E271B2 /* LoadingView.swift */ = {isa = PBXFileReference; lastKnownFileType = sourcecode.swift; path = LoadingView.swift; sourceTree = "<group>"; };
		56D6CA1628BEF41C00E271B2 /* WeatherManager.swift */ = {isa = PBXFileReference; lastKnownFileType = sourcecode.swift; path = WeatherManager.swift; sourceTree = "<group>"; };
		56FFDAB528CB825A00D187EC /* ModelData.swift */ = {isa = PBXFileReference; lastKnownFileType = sourcecode.swift; path = ModelData.swift; sourceTree = "<group>"; };
		56FFDAB728CB83BB00D187EC /* weatherData.json */ = {isa = PBXFileReference; lastKnownFileType = text.json; path = weatherData.json; sourceTree = "<group>"; };
		56FFDAB928CB844900D187EC /* WeatherView.swift */ = {isa = PBXFileReference; lastKnownFileType = sourcecode.swift; path = WeatherView.swift; sourceTree = "<group>"; };
		56FFDABB28CB85F800D187EC /* Extensions.swift */ = {isa = PBXFileReference; lastKnownFileType = sourcecode.swift; path = Extensions.swift; sourceTree = "<group>"; };
/* End PBXFileReference section */

/* Begin PBXFrameworksBuildPhase section */
		56D6C9F728BEE69D00E271B2 /* Frameworks */ = {
			isa = PBXFrameworksBuildPhase;
			buildActionMask = 2147483647;
			files = (
			);
			runOnlyForDeploymentPostprocessing = 0;
		};
/* End PBXFrameworksBuildPhase section */

/* Begin PBXGroup section */
		560894D628CBE92E004F5690 /* Components */ = {
			isa = PBXGroup;
			children = (
				560894DA28CBEB57004F5690 /* Temperature.swift */,
				560894DC28CBECB7004F5690 /* MaxMin.swift */,
				560894DE28CBF1D7004F5690 /* Empty.swift */,
				563C526E28CE6A3D00317F50 /* Social.swift */,
			);
			path = Components;
			sourceTree = "<group>";
		};
		56D6C9F128BEE69D00E271B2 = {
			isa = PBXGroup;
			children = (
				56D6C9FC28BEE69D00E271B2 /* Weather */,
				56D6C9FB28BEE69D00E271B2 /* Products */,
			);
			sourceTree = "<group>";
		};
		56D6C9FB28BEE69D00E271B2 /* Products */ = {
			isa = PBXGroup;
			children = (
				56D6C9FA28BEE69D00E271B2 /* Weather.app */,
			);
			name = Products;
			sourceTree = "<group>";
		};
		56D6C9FC28BEE69D00E271B2 /* Weather */ = {
			isa = PBXGroup;
			children = (
				560894D628CBE92E004F5690 /* Components */,
				56D6CA0E28BEEA1500E271B2 /* Views */,
				56D6CA0B28BEE77300E271B2 /* Managers */,
				56D6C9FD28BEE69D00E271B2 /* WeatherApp.swift */,
				56D6CA0128BEE6A100E271B2 /* Assets.xcassets */,
				56D6CA0328BEE6A100E271B2 /* Preview Content */,
				56FFDABB28CB85F800D187EC /* Extensions.swift */,
			);
			path = Weather;
			sourceTree = "<group>";
		};
		56D6CA0328BEE6A100E271B2 /* Preview Content */ = {
			isa = PBXGroup;
			children = (
				56D6CA0428BEE6A100E271B2 /* Preview Assets.xcassets */,
				56FFDAB528CB825A00D187EC /* ModelData.swift */,
				56FFDAB728CB83BB00D187EC /* weatherData.json */,
				563C527028CE6D3B00317F50 /* social.json */,
			);
			path = "Preview Content";
			sourceTree = "<group>";
		};
		56D6CA0B28BEE77300E271B2 /* Managers */ = {
			isa = PBXGroup;
			children = (
				56D6CA0C28BEE78700E271B2 /* LocationManager.swift */,
				56D6CA1628BEF41C00E271B2 /* WeatherManager.swift */,
				563C526C28CE698600317F50 /* SocialManager.swift */,
			);
			path = Managers;
			sourceTree = "<group>";
		};
		56D6CA0E28BEEA1500E271B2 /* Views */ = {
			isa = PBXGroup;
			children = (
				56D6C9FF28BEE69D00E271B2 /* ContentView.swift */,
				56D6CA0F28BEEA9E00E271B2 /* WelcomeView.swift */,
				56D6CA1128BEEE1500E271B2 /* LoadingView.swift */,
				56FFDAB928CB844900D187EC /* WeatherView.swift */,
			);
			path = Views;
			sourceTree = "<group>";
		};
/* End PBXGroup section */

/* Begin PBXNativeTarget section */
		56D6C9F928BEE69D00E271B2 /* Weather */ = {
			isa = PBXNativeTarget;
			buildConfigurationList = 56D6CA0828BEE6A100E271B2 /* Build configuration list for PBXNativeTarget "Weather" */;
			buildPhases = (
				56D6C9F628BEE69D00E271B2 /* Sources */,
				56D6C9F728BEE69D00E271B2 /* Frameworks */,
				56D6C9F828BEE69D00E271B2 /* Resources */,
			);
			buildRules = (
			);
			dependencies = (
			);
			name = Weather;
			productName = Weather;
			productReference = 56D6C9FA28BEE69D00E271B2 /* Weather.app */;
			productType = "com.apple.product-type.application";
		};
/* End PBXNativeTarget section */

/* Begin PBXProject section */
		56D6C9F228BEE69D00E271B2 /* Project object */ = {
			isa = PBXProject;
			attributes = {
				BuildIndependentTargetsInParallel = 1;
				LastSwiftUpdateCheck = 1340;
				LastUpgradeCheck = 1340;
				TargetAttributes = {
					56D6C9F928BEE69D00E271B2 = {
						CreatedOnToolsVersion = 13.4.1;
					};
				};
			};
			buildConfigurationList = 56D6C9F528BEE69D00E271B2 /* Build configuration list for PBXProject "Weather" */;
			compatibilityVersion = "Xcode 13.0";
			developmentRegion = en;
			hasScannedForEncodings = 0;
			knownRegions = (
				en,
				Base,
			);
			mainGroup = 56D6C9F128BEE69D00E271B2;
			productRefGroup = 56D6C9FB28BEE69D00E271B2 /* Products */;
			projectDirPath = "";
			projectRoot = "";
			targets = (
				56D6C9F928BEE69D00E271B2 /* Weather */,
			);
		};
/* End PBXProject section */

/* Begin PBXResourcesBuildPhase section */
		56D6C9F828BEE69D00E271B2 /* Resources */ = {
			isa = PBXResourcesBuildPhase;
			buildActionMask = 2147483647;
			files = (
				56D6CA0528BEE6A100E271B2 /* Preview Assets.xcassets in Resources */,
				56FFDAB828CB83BB00D187EC /* weatherData.json in Resources */,
				563C527128CE6D3B00317F50 /* social.json in Resources */,
				56D6CA0228BEE6A100E271B2 /* Assets.xcassets in Resources */,
			);
			runOnlyForDeploymentPostprocessing = 0;
		};
/* End PBXResourcesBuildPhase section */

/* Begin PBXSourcesBuildPhase section */
		56D6C9F628BEE69D00E271B2 /* Sources */ = {
			isa = PBXSourcesBuildPhase;
			buildActionMask = 2147483647;
			files = (
				56D6CA1728BEF41C00E271B2 /* WeatherManager.swift in Sources */,
				56FFDABC28CB85F800D187EC /* Extensions.swift in Sources */,
				56D6CA0028BEE69D00E271B2 /* ContentView.swift in Sources */,
				56D6C9FE28BEE69D00E271B2 /* WeatherApp.swift in Sources */,
				56D6CA0D28BEE78700E271B2 /* LocationManager.swift in Sources */,
				560894DF28CBF1D7004F5690 /* Empty.swift in Sources */,
				56D6CA1228BEEE1500E271B2 /* LoadingView.swift in Sources */,
				56D6CA1028BEEA9E00E271B2 /* WelcomeView.swift in Sources */,
				56FFDAB628CB825A00D187EC /* ModelData.swift in Sources */,
				560894DD28CBECB7004F5690 /* MaxMin.swift in Sources */,
				560894DB28CBEB57004F5690 /* Temperature.swift in Sources */,
				56FFDABA28CB844900D187EC /* WeatherView.swift in Sources */,
				563C526F28CE6A3D00317F50 /* Social.swift in Sources */,
				563C526D28CE698600317F50 /* SocialManager.swift in Sources */,
			);
			runOnlyForDeploymentPostprocessing = 0;
		};
/* End PBXSourcesBuildPhase section */

/* Begin XCBuildConfiguration section */
		56D6CA0628BEE6A100E271B2 /* Debug */ = {
			isa = XCBuildConfiguration;
			buildSettings = {
				ALWAYS_SEARCH_USER_PATHS = NO;
				CLANG_ANALYZER_NONNULL = YES;
				CLANG_ANALYZER_NUMBER_OBJECT_CONVERSION = YES_AGGRESSIVE;
				CLANG_CXX_LANGUAGE_STANDARD = "gnu++17";
				CLANG_ENABLE_MODULES = YES;
				CLANG_ENABLE_OBJC_ARC = YES;
				CLANG_ENABLE_OBJC_WEAK = YES;
				CLANG_WARN_BLOCK_CAPTURE_AUTORELEASING = YES;
				CLANG_WARN_BOOL_CONVERSION = YES;
				CLANG_WARN_COMMA = YES;
				CLANG_WARN_CONSTANT_CONVERSION = YES;
				CLANG_WARN_DEPRECATED_OBJC_IMPLEMENTATIONS = YES;
				CLANG_WARN_DIRECT_OBJC_ISA_USAGE = YES_ERROR;
				CLANG_WARN_DOCUMENTATION_COMMENTS = YES;
				CLANG_WARN_EMPTY_BODY = YES;
				CLANG_WARN_ENUM_CONVERSION = YES;
				CLANG_WARN_INFINITE_RECURSION = YES;
				CLANG_WARN_INT_CONVERSION = YES;
				CLANG_WARN_NON_LITERAL_NULL_CONVERSION = YES;
				CLANG_WARN_OBJC_IMPLICIT_RETAIN_SELF = YES;
				CLANG_WARN_OBJC_LITERAL_CONVERSION = YES;
				CLANG_WARN_OBJC_ROOT_CLASS = YES_ERROR;
				CLANG_WARN_QUOTED_INCLUDE_IN_FRAMEWORK_HEADER = YES;
				CLANG_WARN_RANGE_LOOP_ANALYSIS = YES;
				CLANG_WARN_STRICT_PROTOTYPES = YES;
				CLANG_WARN_SUSPICIOUS_MOVE = YES;
				CLANG_WARN_UNGUARDED_AVAILABILITY = YES_AGGRESSIVE;
				CLANG_WARN_UNREACHABLE_CODE = YES;
				CLANG_WARN__DUPLICATE_METHOD_MATCH = YES;
				COPY_PHASE_STRIP = NO;
				DEBUG_INFORMATION_FORMAT = dwarf;
				ENABLE_STRICT_OBJC_MSGSEND = YES;
				ENABLE_TESTABILITY = YES;
				GCC_C_LANGUAGE_STANDARD = gnu11;
				GCC_DYNAMIC_NO_PIC = NO;
				GCC_NO_COMMON_BLOCKS = YES;
				GCC_OPTIMIZATION_LEVEL = 0;
				GCC_PREPROCESSOR_DEFINITIONS = (
					"DEBUG=1",
					"$(inherited)",
				);
				GCC_WARN_64_TO_32_BIT_CONVERSION = YES;
				GCC_WARN_ABOUT_RETURN_TYPE = YES_ERROR;
				GCC_WARN_UNDECLARED_SELECTOR = YES;
				GCC_WARN_UNINITIALIZED_AUTOS = YES_AGGRESSIVE;
				GCC_WARN_UNUSED_FUNCTION = YES;
				GCC_WARN_UNUSED_VARIABLE = YES;
				IPHONEOS_DEPLOYMENT_TARGET = 15.5;
				MTL_ENABLE_DEBUG_INFO = INCLUDE_SOURCE;
				MTL_FAST_MATH = YES;
				ONLY_ACTIVE_ARCH = YES;
				SDKROOT = iphoneos;
				SWIFT_ACTIVE_COMPILATION_CONDITIONS = DEBUG;
				SWIFT_OPTIMIZATION_LEVEL = "-Onone";
			};
			name = Debug;
		};
		56D6CA0728BEE6A100E271B2 /* Release */ = {
			isa = XCBuildConfiguration;
			buildSettings = {
				ALWAYS_SEARCH_USER_PATHS = NO;
				CLANG_ANALYZER_NONNULL = YES;
				CLANG_ANALYZER_NUMBER_OBJECT_CONVERSION = YES_AGGRESSIVE;
				CLANG_CXX_LANGUAGE_STANDARD = "gnu++17";
				CLANG_ENABLE_MODULES = YES;
				CLANG_ENABLE_OBJC_ARC = YES;
				CLANG_ENABLE_OBJC_WEAK = YES;
				CLANG_WARN_BLOCK_CAPTURE_AUTORELEASING = YES;
				CLANG_WARN_BOOL_CONVERSION = YES;
				CLANG_WARN_COMMA = YES;
				CLANG_WARN_CONSTANT_CONVERSION = YES;
				CLANG_WARN_DEPRECATED_OBJC_IMPLEMENTATIONS = YES;
				CLANG_WARN_DIRECT_OBJC_ISA_USAGE = YES_ERROR;
				CLANG_WARN_DOCUMENTATION_COMMENTS = YES;
				CLANG_WARN_EMPTY_BODY = YES;
				CLANG_WARN_ENUM_CONVERSION = YES;
				CLANG_WARN_INFINITE_RECURSION = YES;
				CLANG_WARN_INT_CONVERSION = YES;
				CLANG_WARN_NON_LITERAL_NULL_CONVERSION = YES;
				CLANG_WARN_OBJC_IMPLICIT_RETAIN_SELF = YES;
				CLANG_WARN_OBJC_LITERAL_CONVERSION = YES;
				CLANG_WARN_OBJC_ROOT_CLASS = YES_ERROR;
				CLANG_WARN_QUOTED_INCLUDE_IN_FRAMEWORK_HEADER = YES;
				CLANG_WARN_RANGE_LOOP_ANALYSIS = YES;
				CLANG_WARN_STRICT_PROTOTYPES = YES;
				CLANG_WARN_SUSPICIOUS_MOVE = YES;
				CLANG_WARN_UNGUARDED_AVAILABILITY = YES_AGGRESSIVE;
				CLANG_WARN_UNREACHABLE_CODE = YES;
				CLANG_WARN__DUPLICATE_METHOD_MATCH = YES;
				COPY_PHASE_STRIP = NO;
				DEBUG_INFORMATION_FORMAT = "dwarf-with-dsym";
				ENABLE_NS_ASSERTIONS = NO;
				ENABLE_STRICT_OBJC_MSGSEND = YES;
				GCC_C_LANGUAGE_STANDARD = gnu11;
				GCC_NO_COMMON_BLOCKS = YES;
				GCC_WARN_64_TO_32_BIT_CONVERSION = YES;
				GCC_WARN_ABOUT_RETURN_TYPE = YES_ERROR;
				GCC_WARN_UNDECLARED_SELECTOR = YES;
				GCC_WARN_UNINITIALIZED_AUTOS = YES_AGGRESSIVE;
				GCC_WARN_UNUSED_FUNCTION = YES;
				GCC_WARN_UNUSED_VARIABLE = YES;
				IPHONEOS_DEPLOYMENT_TARGET = 15.5;
				MTL_ENABLE_DEBUG_INFO = NO;
				MTL_FAST_MATH = YES;
				SDKROOT = iphoneos;
				SWIFT_COMPILATION_MODE = wholemodule;
				SWIFT_OPTIMIZATION_LEVEL = "-O";
				VALIDATE_PRODUCT = YES;
			};
			name = Release;
		};
		56D6CA0928BEE6A100E271B2 /* Debug */ = {
			isa = XCBuildConfiguration;
			buildSettings = {
				ASSETCATALOG_COMPILER_APPICON_NAME = AppIcon;
				ASSETCATALOG_COMPILER_GLOBAL_ACCENT_COLOR_NAME = AccentColor;
				CODE_SIGN_STYLE = Automatic;
				CURRENT_PROJECT_VERSION = 1;
				DEVELOPMENT_ASSET_PATHS = "\"Weather/Preview Content\"";
				DEVELOPMENT_TEAM = F6259K46X3;
				ENABLE_PREVIEWS = YES;
				GENERATE_INFOPLIST_FILE = YES;
				INFOPLIST_KEY_UIApplicationSceneManifest_Generation = YES;
				INFOPLIST_KEY_UIApplicationSupportsIndirectInputEvents = YES;
				INFOPLIST_KEY_UILaunchScreen_Generation = YES;
				INFOPLIST_KEY_UISupportedInterfaceOrientations_iPad = "UIInterfaceOrientationPortrait UIInterfaceOrientationPortraitUpsideDown UIInterfaceOrientationLandscapeLeft UIInterfaceOrientationLandscapeRight";
				INFOPLIST_KEY_UISupportedInterfaceOrientations_iPhone = "UIInterfaceOrientationPortrait UIInterfaceOrientationLandscapeLeft UIInterfaceOrientationLandscapeRight";
				IPHONEOS_DEPLOYMENT_TARGET = 15.0;
				LD_RUNPATH_SEARCH_PATHS = (
					"$(inherited)",
					"@executable_path/Frameworks",
				);
				MARKETING_VERSION = 1.0;
				PRODUCT_BUNDLE_IDENTIFIER = com.Charles.Weather;
				PRODUCT_NAME = "$(TARGET_NAME)";
				SWIFT_EMIT_LOC_STRINGS = YES;
				SWIFT_VERSION = 5.0;
				TARGETED_DEVICE_FAMILY = "1,2";
			};
			name = Debug;
		};
		56D6CA0A28BEE6A100E271B2 /* Release */ = {
			isa = XCBuildConfiguration;
			buildSettings = {
				ASSETCATALOG_COMPILER_APPICON_NAME = AppIcon;
				ASSETCATALOG_COMPILER_GLOBAL_ACCENT_COLOR_NAME = AccentColor;
				CODE_SIGN_STYLE = Automatic;
				CURRENT_PROJECT_VERSION = 1;
				DEVELOPMENT_ASSET_PATHS = "\"Weather/Preview Content\"";
				DEVELOPMENT_TEAM = F6259K46X3;
				ENABLE_PREVIEWS = YES;
				GENERATE_INFOPLIST_FILE = YES;
				INFOPLIST_KEY_UIApplicationSceneManifest_Generation = YES;
				INFOPLIST_KEY_UIApplicationSupportsIndirectInputEvents = YES;
				INFOPLIST_KEY_UILaunchScreen_Generation = YES;
				INFOPLIST_KEY_UISupportedInterfaceOrientations_iPad = "UIInterfaceOrientationPortrait UIInterfaceOrientationPortraitUpsideDown UIInterfaceOrientationLandscapeLeft UIInterfaceOrientationLandscapeRight";
				INFOPLIST_KEY_UISupportedInterfaceOrientations_iPhone = "UIInterfaceOrientationPortrait UIInterfaceOrientationLandscapeLeft UIInterfaceOrientationLandscapeRight";
				IPHONEOS_DEPLOYMENT_TARGET = 15.0;
				LD_RUNPATH_SEARCH_PATHS = (
					"$(inherited)",
					"@executable_path/Frameworks",
				);
				MARKETING_VERSION = 1.0;
				PRODUCT_BUNDLE_IDENTIFIER = com.Charles.Weather;
				PRODUCT_NAME = "$(TARGET_NAME)";
				SWIFT_EMIT_LOC_STRINGS = YES;
				SWIFT_VERSION = 5.0;
				TARGETED_DEVICE_FAMILY = "1,2";
			};
			name = Release;
		};
/* End XCBuildConfiguration section */

/* Begin XCConfigurationList section */
		56D6C9F528BEE69D00E271B2 /* Build configuration list for PBXProject "Weather" */ = {
			isa = XCConfigurationList;
			buildConfigurations = (
				56D6CA0628BEE6A100E271B2 /* Debug */,
				56D6CA0728BEE6A100E271B2 /* Release */,
			);
			defaultConfigurationIsVisible = 0;
			defaultConfigurationName = Release;
		};
		56D6CA0828BEE6A100E271B2 /* Build configuration list for PBXNativeTarget "Weather" */ = {
			isa = XCConfigurationList;
			buildConfigurations = (
				56D6CA0928BEE6A100E271B2 /* Debug */,
				56D6CA0A28BEE6A100E271B2 /* Release */,
			);
			defaultConfigurationIsVisible = 0;
			defaultConfigurationName = Release;
		};
/* End XCConfigurationList section */
	};
	rootObject = 56D6C9F228BEE69D00E271B2 /* Project object */;
}
